
Microsoft Visual Studio Solution File, Format Version 12.00
# Visual Studio 14
VisualStudioVersion = 14.0.25420.1
MinimumVisualStudioVersion = 10.0.40219.1
Project("{FAE04EC0-301F-11D3-BF4B-00C04F79EFBC}") = "HIU.App", "HIU.App\HIU.App.csproj", "{E5DCFF8D-7FBF-4CAA-B883-721DC80CA050}"
EndProject
Project("{2150E333-8FDC-42A3-9474-1A3956D46DE8}") = "Infrastructure", "Infrastructure", "{9FC862AF-96CD-48BD-80F2-B4071ADA49D8}"
EndProject
Project("{FAE04EC0-301F-11D3-BF4B-00C04F79EFBC}") = "HIU.Core", "HIU.Core\HIU.Core.csproj", "{D7C124A5-9C1D-4DA2-9D74-D8BE7AE8DA9A}"
EndProject
Project("{FAE04EC0-301F-11D3-BF4B-00C04F79EFBC}") = "HIU.Data", "HIU.Data\HIU.Data.csproj", "{4B6E75BC-C9BE-489F-9A5D-550D8BBDBC3E}"
EndProject
Project("{FAE04EC0-301F-11D3-BF4B-00C04F79EFBC}") = "HIU.Models", "HIU.Models\HIU.Models.csproj", "{4DDDCD61-5C45-41C9-8F5B-C26C73BAE277}"
EndProject
Global
	GlobalSection(SolutionConfigurationPlatforms) = preSolution
		Debug (Anniversary Update)|Any CPU = Debug (Anniversary Update)|Any CPU
		Debug (Anniversary Update)|ARM = Debug (Anniversary Update)|ARM
		Debug (Anniversary Update)|x64 = Debug (Anniversary Update)|x64
		Debug (Anniversary Update)|x86 = Debug (Anniversary Update)|x86
		Debug (Version 1511)|Any CPU = Debug (Version 1511)|Any CPU
		Debug (Version 1511)|ARM = Debug (Version 1511)|ARM
		Debug (Version 1511)|x64 = Debug (Version 1511)|x64
		Debug (Version 1511)|x86 = Debug (Version 1511)|x86
		Debug|Any CPU = Debug|Any CPU
		Debug|ARM = Debug|ARM
		Debug|x64 = Debug|x64
		Debug|x86 = Debug|x86
		Release (Anniversary Update)|Any CPU = Release (Anniversary Update)|Any CPU
		Release (Anniversary Update)|ARM = Release (Anniversary Update)|ARM
		Release (Anniversary Update)|x64 = Release (Anniversary Update)|x64
		Release (Anniversary Update)|x86 = Release (Anniversary Update)|x86
		Release (Version 1511)|Any CPU = Release (Version 1511)|Any CPU
		Release (Version 1511)|ARM = Release (Version 1511)|ARM
		Release (Version 1511)|x64 = Release (Version 1511)|x64
		Release (Version 1511)|x86 = Release (Version 1511)|x86
		Release|Any CPU = Release|Any CPU
		Release|ARM = Release|ARM
		Release|x64 = Release|x64
		Release|x86 = Release|x86
	EndGlobalSection
	GlobalSection(ProjectConfigurationPlatforms) = postSolution
		{E5DCFF8D-7FBF-4CAA-B883-721DC80CA050}.Debug (Anniversary Update)|Any CPU.ActiveCfg = Release|x64
		{E5DCFF8D-7FBF-4CAA-B883-721DC80CA050}.Debug (Anniversary Update)|Any CPU.Build.0 = Release|x64
		{E5DCFF8D-7FBF-4CAA-B883-721DC80CA050}.Debug (Anniversary Update)|Any CPU.Deploy.0 = Release|x64
		{E5DCFF8D-7FBF-4CAA-B883-721DC80CA050}.Debug (Anniversary Update)|ARM.ActiveCfg = Debug|ARM
		{E5DCFF8D-7FBF-4CAA-B883-721DC80CA050}.Debug (Anniversary Update)|ARM.Build.0 = Debug|ARM
		{E5DCFF8D-7FBF-4CAA-B883-721DC80CA050}.Debug (Anniversary Update)|ARM.Deploy.0 = Debug|ARM
		{E5DCFF8D-7FBF-4CAA-B883-721DC80CA050}.Debug (Anniversary Update)|x64.ActiveCfg = Debug|x64
		{E5DCFF8D-7FBF-4CAA-B883-721DC80CA050}.Debug (Anniversary Update)|x64.Build.0 = Debug|x64
		{E5DCFF8D-7FBF-4CAA-B883-721DC80CA050}.Debug (Anniversary Update)|x64.Deploy.0 = Debug|x64
		{E5DCFF8D-7FBF-4CAA-B883-721DC80CA050}.Debug (Anniversary Update)|x86.ActiveCfg = Debug|x86
		{E5DCFF8D-7FBF-4CAA-B883-721DC80CA050}.Debug (Anniversary Update)|x86.Build.0 = Debug|x86
		{E5DCFF8D-7FBF-4CAA-B883-721DC80CA050}.Debug (Anniversary Update)|x86.Deploy.0 = Debug|x86
		{E5DCFF8D-7FBF-4CAA-B883-721DC80CA050}.Debug (Version 1511)|Any CPU.ActiveCfg = Release|x64
		{E5DCFF8D-7FBF-4CAA-B883-721DC80CA050}.Debug (Version 1511)|Any CPU.Build.0 = Release|x64
		{E5DCFF8D-7FBF-4CAA-B883-721DC80CA050}.Debug (Version 1511)|Any CPU.Deploy.0 = Release|x64
		{E5DCFF8D-7FBF-4CAA-B883-721DC80CA050}.Debug (Version 1511)|ARM.ActiveCfg = Debug|ARM
		{E5DCFF8D-7FBF-4CAA-B883-721DC80CA050}.Debug (Version 1511)|ARM.Build.0 = Debug|ARM
		{E5DCFF8D-7FBF-4CAA-B883-721DC80CA050}.Debug (Version 1511)|ARM.Deploy.0 = Debug|ARM
		{E5DCFF8D-7FBF-4CAA-B883-721DC80CA050}.Debug (Version 1511)|x64.ActiveCfg = Debug|x64
		{E5DCFF8D-7FBF-4CAA-B883-721DC80CA050}.Debug (Version 1511)|x64.Build.0 = Debug|x64
		{E5DCFF8D-7FBF-4CAA-B883-721DC80CA050}.Debug (Version 1511)|x64.Deploy.0 = Debug|x64
		{E5DCFF8D-7FBF-4CAA-B883-721DC80CA050}.Debug (Version 1511)|x86.ActiveCfg = Debug|x86
		{E5DCFF8D-7FBF-4CAA-B883-721DC80CA050}.Debug (Version 1511)|x86.Build.0 = Debug|x86
		{E5DCFF8D-7FBF-4CAA-B883-721DC80CA050}.Debug (Version 1511)|x86.Deploy.0 = Debug|x86
		{E5DCFF8D-7FBF-4CAA-B883-721DC80CA050}.Debug|Any CPU.ActiveCfg = Debug|x86
		{E5DCFF8D-7FBF-4CAA-B883-721DC80CA050}.Debug|ARM.ActiveCfg = Debug|ARM
		{E5DCFF8D-7FBF-4CAA-B883-721DC80CA050}.Debug|ARM.Build.0 = Debug|ARM
		{E5DCFF8D-7FBF-4CAA-B883-721DC80CA050}.Debug|ARM.Deploy.0 = Debug|ARM
		{E5DCFF8D-7FBF-4CAA-B883-721DC80CA050}.Debug|x64.ActiveCfg = Debug|x64
		{E5DCFF8D-7FBF-4CAA-B883-721DC80CA050}.Debug|x64.Build.0 = Debug|x64
		{E5DCFF8D-7FBF-4CAA-B883-721DC80CA050}.Debug|x64.Deploy.0 = Debug|x64
		{E5DCFF8D-7FBF-4CAA-B883-721DC80CA050}.Debug|x86.ActiveCfg = Debug|x86
		{E5DCFF8D-7FBF-4CAA-B883-721DC80CA050}.Debug|x86.Build.0 = Debug|x86
		{E5DCFF8D-7FBF-4CAA-B883-721DC80CA050}.Debug|x86.Deploy.0 = Debug|x86
		{E5DCFF8D-7FBF-4CAA-B883-721DC80CA050}.Release (Anniversary Update)|Any CPU.ActiveCfg = Release|x64
		{E5DCFF8D-7FBF-4CAA-B883-721DC80CA050}.Release (Anniversary Update)|Any CPU.Build.0 = Release|x64
		{E5DCFF8D-7FBF-4CAA-B883-721DC80CA050}.Release (Anniversary Update)|Any CPU.Deploy.0 = Release|x64
		{E5DCFF8D-7FBF-4CAA-B883-721DC80CA050}.Release (Anniversary Update)|ARM.ActiveCfg = Release|ARM
		{E5DCFF8D-7FBF-4CAA-B883-721DC80CA050}.Release (Anniversary Update)|ARM.Build.0 = Release|ARM
		{E5DCFF8D-7FBF-4CAA-B883-721DC80CA050}.Release (Anniversary Update)|ARM.Deploy.0 = Release|ARM
		{E5DCFF8D-7FBF-4CAA-B883-721DC80CA050}.Release (Anniversary Update)|x64.ActiveCfg = Release|x64
		{E5DCFF8D-7FBF-4CAA-B883-721DC80CA050}.Release (Anniversary Update)|x64.Build.0 = Release|x64
		{E5DCFF8D-7FBF-4CAA-B883-721DC80CA050}.Release (Anniversary Update)|x64.Deploy.0 = Release|x64
		{E5DCFF8D-7FBF-4CAA-B883-721DC80CA050}.Release (Anniversary Update)|x86.ActiveCfg = Release|x86
		{E5DCFF8D-7FBF-4CAA-B883-721DC80CA050}.Release (Anniversary Update)|x86.Build.0 = Release|x86
		{E5DCFF8D-7FBF-4CAA-B883-721DC80CA050}.Release (Anniversary Update)|x86.Deploy.0 = Release|x86
		{E5DCFF8D-7FBF-4CAA-B883-721DC80CA050}.Release (Version 1511)|Any CPU.ActiveCfg = Release|x64
		{E5DCFF8D-7FBF-4CAA-B883-721DC80CA050}.Release (Version 1511)|Any CPU.Build.0 = Release|x64
		{E5DCFF8D-7FBF-4CAA-B883-721DC80CA050}.Release (Version 1511)|Any CPU.Deploy.0 = Release|x64
		{E5DCFF8D-7FBF-4CAA-B883-721DC80CA050}.Release (Version 1511)|ARM.ActiveCfg = Release|ARM
		{E5DCFF8D-7FBF-4CAA-B883-721DC80CA050}.Release (Version 1511)|ARM.Build.0 = Release|ARM
		{E5DCFF8D-7FBF-4CAA-B883-721DC80CA050}.Release (Version 1511)|ARM.Deploy.0 = Release|ARM
		{E5DCFF8D-7FBF-4CAA-B883-721DC80CA050}.Release (Version 1511)|x64.ActiveCfg = Release|x64
		{E5DCFF8D-7FBF-4CAA-B883-721DC80CA050}.Release (Version 1511)|x64.Build.0 = Release|x64
		{E5DCFF8D-7FBF-4CAA-B883-721DC80CA050}.Release (Version 1511)|x64.Deploy.0 = Release|x64
		{E5DCFF8D-7FBF-4CAA-B883-721DC80CA050}.Release (Version 1511)|x86.ActiveCfg = Release|x86
		{E5DCFF8D-7FBF-4CAA-B883-721DC80CA050}.Release (Version 1511)|x86.Build.0 = Release|x86
		{E5DCFF8D-7FBF-4CAA-B883-721DC80CA050}.Release (Version 1511)|x86.Deploy.0 = Release|x86
		{E5DCFF8D-7FBF-4CAA-B883-721DC80CA050}.Release|Any CPU.ActiveCfg = Release|x86
		{E5DCFF8D-7FBF-4CAA-B883-721DC80CA050}.Release|ARM.ActiveCfg = Release|ARM
		{E5DCFF8D-7FBF-4CAA-B883-721DC80CA050}.Release|ARM.Build.0 = Release|ARM
		{E5DCFF8D-7FBF-4CAA-B883-721DC80CA050}.Release|ARM.Deploy.0 = Release|ARM
		{E5DCFF8D-7FBF-4CAA-B883-721DC80CA050}.Release|x64.ActiveCfg = Release|x64
		{E5DCFF8D-7FBF-4CAA-B883-721DC80CA050}.Release|x64.Build.0 = Release|x64
		{E5DCFF8D-7FBF-4CAA-B883-721DC80CA050}.Release|x64.Deploy.0 = Release|x64
		{E5DCFF8D-7FBF-4CAA-B883-721DC80CA050}.Release|x86.ActiveCfg = Release|x86
		{E5DCFF8D-7FBF-4CAA-B883-721DC80CA050}.Release|x86.Build.0 = Release|x86
		{E5DCFF8D-7FBF-4CAA-B883-721DC80CA050}.Release|x86.Deploy.0 = Release|x86
		{D7C124A5-9C1D-4DA2-9D74-D8BE7AE8DA9A}.Debug (Anniversary Update)|Any CPU.ActiveCfg = Debug|Any CPU
		{D7C124A5-9C1D-4DA2-9D74-D8BE7AE8DA9A}.Debug (Anniversary Update)|Any CPU.Build.0 = Debug|Any CPU
		{D7C124A5-9C1D-4DA2-9D74-D8BE7AE8DA9A}.Debug (Anniversary Update)|ARM.ActiveCfg = Debug|ARM
		{D7C124A5-9C1D-4DA2-9D74-D8BE7AE8DA9A}.Debug (Anniversary Update)|ARM.Build.0 = Debug|ARM
		{D7C124A5-9C1D-4DA2-9D74-D8BE7AE8DA9A}.Debug (Anniversary Update)|x64.ActiveCfg = Debug|x64
		{D7C124A5-9C1D-4DA2-9D74-D8BE7AE8DA9A}.Debug (Anniversary Update)|x64.Build.0 = Debug|x64
		{D7C124A5-9C1D-4DA2-9D74-D8BE7AE8DA9A}.Debug (Anniversary Update)|x86.ActiveCfg = Debug|x86
		{D7C124A5-9C1D-4DA2-9D74-D8BE7AE8DA9A}.Debug (Anniversary Update)|x86.Build.0 = Debug|x86
		{D7C124A5-9C1D-4DA2-9D74-D8BE7AE8DA9A}.Debug (Version 1511)|Any CPU.ActiveCfg = Debug|Any CPU
		{D7C124A5-9C1D-4DA2-9D74-D8BE7AE8DA9A}.Debug (Version 1511)|Any CPU.Build.0 = Debug|Any CPU
		{D7C124A5-9C1D-4DA2-9D74-D8BE7AE8DA9A}.Debug (Version 1511)|ARM.ActiveCfg = Debug|ARM
		{D7C124A5-9C1D-4DA2-9D74-D8BE7AE8DA9A}.Debug (Version 1511)|ARM.Build.0 = Debug|ARM
		{D7C124A5-9C1D-4DA2-9D74-D8BE7AE8DA9A}.Debug (Version 1511)|x64.ActiveCfg = Debug|x64
		{D7C124A5-9C1D-4DA2-9D74-D8BE7AE8DA9A}.Debug (Version 1511)|x64.Build.0 = Debug|x64
		{D7C124A5-9C1D-4DA2-9D74-D8BE7AE8DA9A}.Debug (Version 1511)|x86.ActiveCfg = Debug|x86
		{D7C124A5-9C1D-4DA2-9D74-D8BE7AE8DA9A}.Debug (Version 1511)|x86.Build.0 = Debug|x86
		{D7C124A5-9C1D-4DA2-9D74-D8BE7AE8DA9A}.Debug|Any CPU.ActiveCfg = Debug|Any CPU
		{D7C124A5-9C1D-4DA2-9D74-D8BE7AE8DA9A}.Debug|Any CPU.Build.0 = Debug|Any CPU
		{D7C124A5-9C1D-4DA2-9D74-D8BE7AE8DA9A}.Debug|ARM.ActiveCfg = Debug|ARM
		{D7C124A5-9C1D-4DA2-9D74-D8BE7AE8DA9A}.Debug|ARM.Build.0 = Debug|ARM
		{D7C124A5-9C1D-4DA2-9D74-D8BE7AE8DA9A}.Debug|x64.ActiveCfg = Debug|x64
		{D7C124A5-9C1D-4DA2-9D74-D8BE7AE8DA9A}.Debug|x64.Build.0 = Debug|x64
		{D7C124A5-9C1D-4DA2-9D74-D8BE7AE8DA9A}.Debug|x86.ActiveCfg = Debug|x86
		{D7C124A5-9C1D-4DA2-9D74-D8BE7AE8DA9A}.Debug|x86.Build.0 = Debug|x86
		{D7C124A5-9C1D-4DA2-9D74-D8BE7AE8DA9A}.Release (Anniversary Update)|Any CPU.ActiveCfg = Release|Any CPU
		{D7C124A5-9C1D-4DA2-9D74-D8BE7AE8DA9A}.Release (Anniversary Update)|Any CPU.Build.0 = Release|Any CPU
		{D7C124A5-9C1D-4DA2-9D74-D8BE7AE8DA9A}.Release (Anniversary Update)|ARM.ActiveCfg = Release|ARM
		{D7C124A5-9C1D-4DA2-9D74-D8BE7AE8DA9A}.Release (Anniversary Update)|ARM.Build.0 = Release|ARM
		{D7C124A5-9C1D-4DA2-9D74-D8BE7AE8DA9A}.Release (Anniversary Update)|x64.ActiveCfg = Release|x64
		{D7C124A5-9C1D-4DA2-9D74-D8BE7AE8DA9A}.Release (Anniversary Update)|x64.Build.0 = Release|x64
		{D7C124A5-9C1D-4DA2-9D74-D8BE7AE8DA9A}.Release (Anniversary Update)|x86.ActiveCfg = Release|x86
		{D7C124A5-9C1D-4DA2-9D74-D8BE7AE8DA9A}.Release (Anniversary Update)|x86.Build.0 = Release|x86
		{D7C124A5-9C1D-4DA2-9D74-D8BE7AE8DA9A}.Release (Version 1511)|Any CPU.ActiveCfg = Release|Any CPU
		{D7C124A5-9C1D-4DA2-9D74-D8BE7AE8DA9A}.Release (Version 1511)|Any CPU.Build.0 = Release|Any CPU
		{D7C124A5-9C1D-4DA2-9D74-D8BE7AE8DA9A}.Release (Version 1511)|ARM.ActiveCfg = Release|ARM
		{D7C124A5-9C1D-4DA2-9D74-D8BE7AE8DA9A}.Release (Version 1511)|ARM.Build.0 = Release|ARM
		{D7C124A5-9C1D-4DA2-9D74-D8BE7AE8DA9A}.Release (Version 1511)|x64.ActiveCfg = Release|x64
		{D7C124A5-9C1D-4DA2-9D74-D8BE7AE8DA9A}.Release (Version 1511)|x64.Build.0 = Release|x64
		{D7C124A5-9C1D-4DA2-9D74-D8BE7AE8DA9A}.Release (Version 1511)|x86.ActiveCfg = Release|x86
		{D7C124A5-9C1D-4DA2-9D74-D8BE7AE8DA9A}.Release (Version 1511)|x86.Build.0 = Release|x86
		{D7C124A5-9C1D-4DA2-9D74-D8BE7AE8DA9A}.Release|Any CPU.ActiveCfg = Release|Any CPU
		{D7C124A5-9C1D-4DA2-9D74-D8BE7AE8DA9A}.Release|Any CPU.Build.0 = Release|Any CPU
		{D7C124A5-9C1D-4DA2-9D74-D8BE7AE8DA9A}.Release|ARM.ActiveCfg = Release|ARM
		{D7C124A5-9C1D-4DA2-9D74-D8BE7AE8DA9A}.Release|ARM.Build.0 = Release|ARM
		{D7C124A5-9C1D-4DA2-9D74-D8BE7AE8DA9A}.Release|x64.ActiveCfg = Release|x64
		{D7C124A5-9C1D-4DA2-9D74-D8BE7AE8DA9A}.Release|x64.Build.0 = Release|x64
		{D7C124A5-9C1D-4DA2-9D74-D8BE7AE8DA9A}.Release|x86.ActiveCfg = Release|x86
		{D7C124A5-9C1D-4DA2-9D74-D8BE7AE8DA9A}.Release|x86.Build.0 = Release|x86
		{4B6E75BC-C9BE-489F-9A5D-550D8BBDBC3E}.Debug (Anniversary Update)|Any CPU.ActiveCfg = Debug|Any CPU
		{4B6E75BC-C9BE-489F-9A5D-550D8BBDBC3E}.Debug (Anniversary Update)|Any CPU.Build.0 = Debug|Any CPU
		{4B6E75BC-C9BE-489F-9A5D-550D8BBDBC3E}.Debug (Anniversary Update)|ARM.ActiveCfg = Debug|ARM
		{4B6E75BC-C9BE-489F-9A5D-550D8BBDBC3E}.Debug (Anniversary Update)|ARM.Build.0 = Debug|ARM
		{4B6E75BC-C9BE-489F-9A5D-550D8BBDBC3E}.Debug (Anniversary Update)|x64.ActiveCfg = Debug|x64
		{4B6E75BC-C9BE-489F-9A5D-550D8BBDBC3E}.Debug (Anniversary Update)|x64.Build.0 = Debug|x64
		{4B6E75BC-C9BE-489F-9A5D-550D8BBDBC3E}.Debug (Anniversary Update)|x86.ActiveCfg = Debug|x86
		{4B6E75BC-C9BE-489F-9A5D-550D8BBDBC3E}.Debug (Anniversary Update)|x86.Build.0 = Debug|x86
		{4B6E75BC-C9BE-489F-9A5D-550D8BBDBC3E}.Debug (Version 1511)|Any CPU.ActiveCfg = Debug|Any CPU
		{4B6E75BC-C9BE-489F-9A5D-550D8BBDBC3E}.Debug (Version 1511)|Any CPU.Build.0 = Debug|Any CPU
		{4B6E75BC-C9BE-489F-9A5D-550D8BBDBC3E}.Debug (Version 1511)|ARM.ActiveCfg = Debug|ARM
		{4B6E75BC-C9BE-489F-9A5D-550D8BBDBC3E}.Debug (Version 1511)|ARM.Build.0 = Debug|ARM
		{4B6E75BC-C9BE-489F-9A5D-550D8BBDBC3E}.Debug (Version 1511)|x64.ActiveCfg = Debug|x64
		{4B6E75BC-C9BE-489F-9A5D-550D8BBDBC3E}.Debug (Version 1511)|x64.Build.0 = Debug|x64
		{4B6E75BC-C9BE-489F-9A5D-550D8BBDBC3E}.Debug (Version 1511)|x86.ActiveCfg = Debug|x86
		{4B6E75BC-C9BE-489F-9A5D-550D8BBDBC3E}.Debug (Version 1511)|x86.Build.0 = Debug|x86
		{4B6E75BC-C9BE-489F-9A5D-550D8BBDBC3E}.Debug|Any CPU.ActiveCfg = Debug|Any CPU
		{4B6E75BC-C9BE-489F-9A5D-550D8BBDBC3E}.Debug|Any CPU.Build.0 = Debug|Any CPU
		{4B6E75BC-C9BE-489F-9A5D-550D8BBDBC3E}.Debug|ARM.ActiveCfg = Debug|ARM
		{4B6E75BC-C9BE-489F-9A5D-550D8BBDBC3E}.Debug|ARM.Build.0 = Debug|ARM
		{4B6E75BC-C9BE-489F-9A5D-550D8BBDBC3E}.Debug|x64.ActiveCfg = Debug|x64
		{4B6E75BC-C9BE-489F-9A5D-550D8BBDBC3E}.Debug|x64.Build.0 = Debug|x64
		{4B6E75BC-C9BE-489F-9A5D-550D8BBDBC3E}.Debug|x86.ActiveCfg = Debug|x86
		{4B6E75BC-C9BE-489F-9A5D-550D8BBDBC3E}.Debug|x86.Build.0 = Debug|x86
		{4B6E75BC-C9BE-489F-9A5D-550D8BBDBC3E}.Release (Anniversary Update)|Any CPU.ActiveCfg = Release|Any CPU
		{4B6E75BC-C9BE-489F-9A5D-550D8BBDBC3E}.Release (Anniversary Update)|Any CPU.Build.0 = Release|Any CPU
		{4B6E75BC-C9BE-489F-9A5D-550D8BBDBC3E}.Release (Anniversary Update)|ARM.ActiveCfg = Release|ARM
		{4B6E75BC-C9BE-489F-9A5D-550D8BBDBC3E}.Release (Anniversary Update)|ARM.Build.0 = Release|ARM
		{4B6E75BC-C9BE-489F-9A5D-550D8BBDBC3E}.Release (Anniversary Update)|x64.ActiveCfg = Release|x64
		{4B6E75BC-C9BE-489F-9A5D-550D8BBDBC3E}.Release (Anniversary Update)|x64.Build.0 = Release|x64
		{4B6E75BC-C9BE-489F-9A5D-550D8BBDBC3E}.Release (Anniversary Update)|x86.ActiveCfg = Release|x86
		{4B6E75BC-C9BE-489F-9A5D-550D8BBDBC3E}.Release (Anniversary Update)|x86.Build.0 = Release|x86
		{4B6E75BC-C9BE-489F-9A5D-550D8BBDBC3E}.Release (Version 1511)|Any CPU.ActiveCfg = Release|Any CPU
		{4B6E75BC-C9BE-489F-9A5D-550D8BBDBC3E}.Release (Version 1511)|Any CPU.Build.0 = Release|Any CPU
		{4B6E75BC-C9BE-489F-9A5D-550D8BBDBC3E}.Release (Version 1511)|ARM.ActiveCfg = Release|ARM
		{4B6E75BC-C9BE-489F-9A5D-550D8BBDBC3E}.Release (Version 1511)|ARM.Build.0 = Release|ARM
		{4B6E75BC-C9BE-489F-9A5D-550D8BBDBC3E}.Release (Version 1511)|x64.ActiveCfg = Release|x64
		{4B6E75BC-C9BE-489F-9A5D-550D8BBDBC3E}.Release (Version 1511)|x64.Build.0 = Release|x64
		{4B6E75BC-C9BE-489F-9A5D-550D8BBDBC3E}.Release (Version 1511)|x86.ActiveCfg = Release|x86
		{4B6E75BC-C9BE-489F-9A5D-550D8BBDBC3E}.Release (Version 1511)|x86.Build.0 = Release|x86
		{4B6E75BC-C9BE-489F-9A5D-550D8BBDBC3E}.Release|Any CPU.ActiveCfg = Release|Any CPU
		{4B6E75BC-C9BE-489F-9A5D-550D8BBDBC3E}.Release|Any CPU.Build.0 = Release|Any CPU
		{4B6E75BC-C9BE-489F-9A5D-550D8BBDBC3E}.Release|ARM.ActiveCfg = Release|ARM
		{4B6E75BC-C9BE-489F-9A5D-550D8BBDBC3E}.Release|ARM.Build.0 = Release|ARM
		{4B6E75BC-C9BE-489F-9A5D-550D8BBDBC3E}.Release|x64.ActiveCfg = Release|x64
		{4B6E75BC-C9BE-489F-9A5D-550D8BBDBC3E}.Release|x64.Build.0 = Release|x64
		{4B6E75BC-C9BE-489F-9A5D-550D8BBDBC3E}.Release|x86.ActiveCfg = Release|x86
		{4B6E75BC-C9BE-489F-9A5D-550D8BBDBC3E}.Release|x86.Build.0 = Release|x86
		{4DDDCD61-5C45-41C9-8F5B-C26C73BAE277}.Debug (Anniversary Update)|Any CPU.ActiveCfg = Debug|Any CPU
		{4DDDCD61-5C45-41C9-8F5B-C26C73BAE277}.Debug (Anniversary Update)|Any CPU.Build.0 = Debug|Any CPU
		{4DDDCD61-5C45-41C9-8F5B-C26C73BAE277}.Debug (Anniversary Update)|ARM.ActiveCfg = Debug|ARM
		{4DDDCD61-5C45-41C9-8F5B-C26C73BAE277}.Debug (Anniversary Update)|ARM.Build.0 = Debug|ARM
		{4DDDCD61-5C45-41C9-8F5B-C26C73BAE277}.Debug (Anniversary Update)|x64.ActiveCfg = Debug|x64
		{4DDDCD61-5C45-41C9-8F5B-C26C73BAE277}.Debug (Anniversary Update)|x64.Build.0 = Debug|x64
		{4DDDCD61-5C45-41C9-8F5B-C26C73BAE277}.Debug (Anniversary Update)|x86.ActiveCfg = Debug|x86
		{4DDDCD61-5C45-41C9-8F5B-C26C73BAE277}.Debug (Anniversary Update)|x86.Build.0 = Debug|x86
		{4DDDCD61-5C45-41C9-8F5B-C26C73BAE277}.Debug (Version 1511)|Any CPU.ActiveCfg = Debug|Any CPU
		{4DDDCD61-5C45-41C9-8F5B-C26C73BAE277}.Debug (Version 1511)|Any CPU.Build.0 = Debug|Any CPU
		{4DDDCD61-5C45-41C9-8F5B-C26C73BAE277}.Debug (Version 1511)|ARM.ActiveCfg = Debug|ARM
		{4DDDCD61-5C45-41C9-8F5B-C26C73BAE277}.Debug (Version 1511)|ARM.Build.0 = Debug|ARM
		{4DDDCD61-5C45-41C9-8F5B-C26C73BAE277}.Debug (Version 1511)|x64.ActiveCfg = Debug|x64
		{4DDDCD61-5C45-41C9-8F5B-C26C73BAE277}.Debug (Version 1511)|x64.Build.0 = Debug|x64
		{4DDDCD61-5C45-41C9-8F5B-C26C73BAE277}.Debug (Version 1511)|x86.ActiveCfg = Debug|x86
		{4DDDCD61-5C45-41C9-8F5B-C26C73BAE277}.Debug (Version 1511)|x86.Build.0 = Debug|x86
		{4DDDCD61-5C45-41C9-8F5B-C26C73BAE277}.Debug|Any CPU.ActiveCfg = Debug|Any CPU
		{4DDDCD61-5C45-41C9-8F5B-C26C73BAE277}.Debug|Any CPU.Build.0 = Debug|Any CPU
		{4DDDCD61-5C45-41C9-8F5B-C26C73BAE277}.Debug|ARM.ActiveCfg = Debug|ARM
		{4DDDCD61-5C45-41C9-8F5B-C26C73BAE277}.Debug|ARM.Build.0 = Debug|ARM
		{4DDDCD61-5C45-41C9-8F5B-C26C73BAE277}.Debug|x64.ActiveCfg = Debug|x64
		{4DDDCD61-5C45-41C9-8F5B-C26C73BAE277}.Debug|x64.Build.0 = Debug|x64
		{4DDDCD61-5C45-41C9-8F5B-C26C73BAE277}.Debug|x86.ActiveCfg = Debug|x86
		{4DDDCD61-5C45-41C9-8F5B-C26C73BAE277}.Debug|x86.Build.0 = Debug|x86
		{4DDDCD61-5C45-41C9-8F5B-C26C73BAE277}.Release (Anniversary Update)|Any CPU.ActiveCfg = Release|Any CPU
		{4DDDCD61-5C45-41C9-8F5B-C26C73BAE277}.Release (Anniversary Update)|Any CPU.Build.0 = Release|Any CPU
		{4DDDCD61-5C45-41C9-8F5B-C26C73BAE277}.Release (Anniversary Update)|ARM.ActiveCfg = Release|ARM
		{4DDDCD61-5C45-41C9-8F5B-C26C73BAE277}.Release (Anniversary Update)|ARM.Build.0 = Release|ARM
		{4DDDCD61-5C45-41C9-8F5B-C26C73BAE277}.Release (Anniversary Update)|x64.ActiveCfg = Release|x64
		{4DDDCD61-5C45-41C9-8F5B-C26C73BAE277}.Release (Anniversary Update)|x64.Build.0 = Release|x64
		{4DDDCD61-5C45-41C9-8F5B-C26C73BAE277}.Release (Anniversary Update)|x86.ActiveCfg = Release|x86
		{4DDDCD61-5C45-41C9-8F5B-C26C73BAE277}.Release (Anniversary Update)|x86.Build.0 = Release|x86
		{4DDDCD61-5C45-41C9-8F5B-C26C73BAE277}.Release (Version 1511)|Any CPU.ActiveCfg = Release|Any CPU
		{4DDDCD61-5C45-41C9-8F5B-C26C73BAE277}.Release (Version 1511)|Any CPU.Build.0 = Release|Any CPU
		{4DDDCD61-5C45-41C9-8F5B-C26C73BAE277}.Release (Version 1511)|ARM.ActiveCfg = Release|ARM
		{4DDDCD61-5C45-41C9-8F5B-C26C73BAE277}.Release (Version 1511)|ARM.Build.0 = Release|ARM
		{4DDDCD61-5C45-41C9-8F5B-C26C73BAE277}.Release (Version 1511)|x64.ActiveCfg = Release|x64
		{4DDDCD61-5C45-41C9-8F5B-C26C73BAE277}.Release (Version 1511)|x64.Build.0 = Release|x64
		{4DDDCD61-5C45-41C9-8F5B-C26C73BAE277}.Release (Version 1511)|x86.ActiveCfg = Release|x86
		{4DDDCD61-5C45-41C9-8F5B-C26C73BAE277}.Release (Version 1511)|x86.Build.0 = Release|x86
		{4DDDCD61-5C45-41C9-8F5B-C26C73BAE277}.Release|Any CPU.ActiveCfg = Release|Any CPU
		{4DDDCD61-5C45-41C9-8F5B-C26C73BAE277}.Release|Any CPU.Build.0 = Release|Any CPU
		{4DDDCD61-5C45-41C9-8F5B-C26C73BAE277}.Release|ARM.ActiveCfg = Release|ARM
		{4DDDCD61-5C45-41C9-8F5B-C26C73BAE277}.Release|ARM.Build.0 = Release|ARM
		{4DDDCD61-5C45-41C9-8F5B-C26C73BAE277}.Release|x64.ActiveCfg = Release|x64
		{4DDDCD61-5C45-41C9-8F5B-C26C73BAE277}.Release|x64.Build.0 = Release|x64
		{4DDDCD61-5C45-41C9-8F5B-C26C73BAE277}.Release|x86.ActiveCfg = Release|x86
		{4DDDCD61-5C45-41C9-8F5B-C26C73BAE277}.Release|x86.Build.0 = Release|x86
	EndGlobalSection
	GlobalSection(SolutionProperties) = preSolution
		HideSolutionNode = FALSE
	EndGlobalSection
	GlobalSection(NestedProjects) = preSolution
		{D7C124A5-9C1D-4DA2-9D74-D8BE7AE8DA9A} = {9FC862AF-96CD-48BD-80F2-B4071ADA49D8}
		{4B6E75BC-C9BE-489F-9A5D-550D8BBDBC3E} = {9FC862AF-96CD-48BD-80F2-B4071ADA49D8}
		{4DDDCD61-5C45-41C9-8F5B-C26C73BAE277} = {9FC862AF-96CD-48BD-80F2-B4071ADA49D8}
	EndGlobalSection
	GlobalSection(TeamFoundationVersionControl) = preSolution
		SccNumberOfProjects = 5
		SccEnterpriseProvider = {4CA58AB2-18FA-4F8D-95D4-32DDF27D184C}
		SccTeamFoundationServer = https://giancarlolelliprojects.visualstudio.com/
		SccLocalPath0 = .
		SccProjectUniqueName1 = HIU.App\\HIU.App.csproj
		SccProjectName1 = HIU.App
		SccLocalPath1 = HIU.App
		SccProjectUniqueName2 = HIU.Core\\HIU.Core.csproj
		SccProjectTopLevelParentUniqueName2 = HIU.sln
		SccProjectName2 = HIU.Core
		SccLocalPath2 = HIU.Core
		SccProjectUniqueName3 = HIU.Data\\HIU.Data.csproj
		SccProjectTopLevelParentUniqueName3 = HIU.sln
		SccProjectName3 = HIU.Data
		SccLocalPath3 = HIU.Data
		SccProjectUniqueName4 = HIU.Models\\HIU.Models.csproj
		SccProjectTopLevelParentUniqueName4 = HIU.sln
		SccProjectName4 = HIU.Models
		SccLocalPath4 = HIU.Models
	EndGlobalSection
EndGlobal
